// !$*UTF8*$!
{
	archiveVersion = 1;
	classes = {
	};
	objectVersion = 46;
	objects = {

/* Begin PBXBuildFile section */
		F7524C971CC52F5F0020F2CB /* main.m in Sources */ = {isa = PBXBuildFile; fileRef = F7524C961CC52F5F0020F2CB /* main.m */; };
		F7524C9A1CC52F5F0020F2CB /* AppDelegate.m in Sources */ = {isa = PBXBuildFile; fileRef = F7524C991CC52F5F0020F2CB /* AppDelegate.m */; };
		F7524C9D1CC52F5F0020F2CB /* ViewController.m in Sources */ = {isa = PBXBuildFile; fileRef = F7524C9C1CC52F5F0020F2CB /* ViewController.m */; };
		F7524CA01CC52F5F0020F2CB /* Main.storyboard in Resources */ = {isa = PBXBuildFile; fileRef = F7524C9E1CC52F5F0020F2CB /* Main.storyboard */; };
		F7524CA21CC52F5F0020F2CB /* Assets.xcassets in Resources */ = {isa = PBXBuildFile; fileRef = F7524CA11CC52F5F0020F2CB /* Assets.xcassets */; };
		F7524CA51CC52F5F0020F2CB /* LaunchScreen.storyboard in Resources */ = {isa = PBXBuildFile; fileRef = F7524CA31CC52F5F0020F2CB /* LaunchScreen.storyboard */; };
		F7524CB51CC52F7D0020F2CB /* YYCache.m in Sources */ = {isa = PBXBuildFile; fileRef = F7524CAE1CC52F7D0020F2CB /* YYCache.m */; };
		F7524CB61CC52F7D0020F2CB /* YYDiskCache.m in Sources */ = {isa = PBXBuildFile; fileRef = F7524CB01CC52F7D0020F2CB /* YYDiskCache.m */; };
		F7524CB71CC52F7D0020F2CB /* YYKVStorage.m in Sources */ = {isa = PBXBuildFile; fileRef = F7524CB21CC52F7D0020F2CB /* YYKVStorage.m */; };
		F7524CB81CC52F7D0020F2CB /* YYMemoryCache.m in Sources */ = {isa = PBXBuildFile; fileRef = F7524CB41CC52F7D0020F2CB /* YYMemoryCache.m */; };
/* End PBXBuildFile section */

/* Begin PBXFileReference section */
		F7524C921CC52F5F0020F2CB /* YYCacheDemo.app */ = {isa = PBXFileReference; explicitFileType = wrapper.application; includeInIndex = 0; path = YYCacheDemo.app; sourceTree = BUILT_PRODUCTS_DIR; };
		F7524C961CC52F5F0020F2CB /* main.m */ = {isa = PBXFileReference; lastKnownFileType = sourcecode.c.objc; path = main.m; sourceTree = "<group>"; };
		F7524C981CC52F5F0020F2CB /* AppDelegate.h */ = {isa = PBXFileReference; lastKnownFileType = sourcecode.c.h; path = AppDelegate.h; sourceTree = "<group>"; };
		F7524C991CC52F5F0020F2CB /* AppDelegate.m */ = {isa = PBXFileReference; lastKnownFileType = sourcecode.c.objc; path = AppDelegate.m; sourceTree = "<group>"; };
		F7524C9B1CC52F5F0020F2CB /* ViewController.h */ = {isa = PBXFileReference; lastKnownFileType = sourcecode.c.h; path = ViewController.h; sourceTree = "<group>"; };
		F7524C9C1CC52F5F0020F2CB /* ViewController.m */ = {isa = PBXFileReference; lastKnownFileType = sourcecode.c.objc; path = ViewController.m; sourceTree = "<group>"; };
		F7524C9F1CC52F5F0020F2CB /* Base */ = {isa = PBXFileReference; lastKnownFileType = file.storyboard; name = Base; path = Base.lproj/Main.storyboard; sourceTree = "<group>"; };
		F7524CA11CC52F5F0020F2CB /* Assets.xcassets */ = {isa = PBXFileReference; lastKnownFileType = folder.assetcatalog; path = Assets.xcassets; sourceTree = "<group>"; };
		F7524CA41CC52F5F0020F2CB /* Base */ = {isa = PBXFileReference; lastKnownFileType = file.storyboard; name = Base; path = Base.lproj/LaunchScreen.storyboard; sourceTree = "<group>"; };
		F7524CA61CC52F5F0020F2CB /* Info.plist */ = {isa = PBXFileReference; lastKnownFileType = text.plist.xml; path = Info.plist; sourceTree = "<group>"; };
		F7524CAD1CC52F7D0020F2CB /* YYCache.h */ = {isa = PBXFileReference; fileEncoding = 4; lastKnownFileType = sourcecode.c.h; path = YYCache.h; sourceTree = "<group>"; };
		F7524CAE1CC52F7D0020F2CB /* YYCache.m */ = {isa = PBXFileReference; fileEncoding = 4; lastKnownFileType = sourcecode.c.objc; path = YYCache.m; sourceTree = "<group>"; };
		F7524CAF1CC52F7D0020F2CB /* YYDiskCache.h */ = {isa = PBXFileReference; fileEncoding = 4; lastKnownFileType = sourcecode.c.h; path = YYDiskCache.h; sourceTree = "<group>"; };
		F7524CB01CC52F7D0020F2CB /* YYDiskCache.m */ = {isa = PBXFileReference; fileEncoding = 4; lastKnownFileType = sourcecode.c.objc; path = YYDiskCache.m; sourceTree = "<group>"; };
		F7524CB11CC52F7D0020F2CB /* YYKVStorage.h */ = {isa = PBXFileReference; fileEncoding = 4; lastKnownFileType = sourcecode.c.h; path = YYKVStorage.h; sourceTree = "<group>"; };
		F7524CB21CC52F7D0020F2CB /* YYKVStorage.m */ = {isa = PBXFileReference; fileEncoding = 4; lastKnownFileType = sourcecode.c.objc; path = YYKVStorage.m; sourceTree = "<group>"; };
		F7524CB31CC52F7D0020F2CB /* YYMemoryCache.h */ = {isa = PBXFileReference; fileEncoding = 4; lastKnownFileType = sourcecode.c.h; path = YYMemoryCache.h; sourceTree = "<group>"; };
		F7524CB41CC52F7D0020F2CB /* YYMemoryCache.m */ = {isa = PBXFileReference; fileEncoding = 4; lastKnownFileType = sourcecode.c.objc; path = YYMemoryCache.m; sourceTree = "<group>"; };
/* End PBXFileReference section */

/* Begin PBXFrameworksBuildPhase section */
		F7524C8F1CC52F5F0020F2CB /* Frameworks */ = {
			isa = PBXFrameworksBuildPhase;
			buildActionMask = 2147483647;
			files = (
			);
			runOnlyForDeploymentPostprocessing = 0;
		};
/* End PBXFrameworksBuildPhase section */

/* Begin PBXGroup section */
		F7524C891CC52F5F0020F2CB = {
			isa = PBXGroup;
			children = (
				F7524C941CC52F5F0020F2CB /* YYCacheDemo */,
				F7524C931CC52F5F0020F2CB /* Products */,
			);
			sourceTree = "<group>";
		};
		F7524C931CC52F5F0020F2CB /* Products */ = {
			isa = PBXGroup;
			children = (
				F7524C921CC52F5F0020F2CB /* YYCacheDemo.app */,
			);
			name = Products;
			sourceTree = "<group>";
		};
		F7524C941CC52F5F0020F2CB /* YYCacheDemo */ = {
			isa = PBXGroup;
			children = (
				F7524CAC1CC52F7D0020F2CB /* YYCache */,
				F7524C981CC52F5F0020F2CB /* AppDelegate.h */,
				F7524C991CC52F5F0020F2CB /* AppDelegate.m */,
				F7524C9B1CC52F5F0020F2CB /* ViewController.h */,
				F7524C9C1CC52F5F0020F2CB /* ViewController.m */,
				F7524C9E1CC52F5F0020F2CB /* Main.storyboard */,
				F7524CA11CC52F5F0020F2CB /* Assets.xcassets */,
				F7524CA31CC52F5F0020F2CB /* LaunchScreen.storyboard */,
				F7524CA61CC52F5F0020F2CB /* Info.plist */,
				F7524C951CC52F5F0020F2CB /* Supporting Files */,
			);
			path = YYCacheDemo;
			sourceTree = "<group>";
		};
		F7524C951CC52F5F0020F2CB /* Supporting Files */ = {
			isa = PBXGroup;
			children = (
				F7524C961CC52F5F0020F2CB /* main.m */,
			);
			name = "Supporting Files";
			sourceTree = "<group>";
		};
		F7524CAC1CC52F7D0020F2CB /* YYCache */ = {
			isa = PBXGroup;
			children = (
				F7524CAD1CC52F7D0020F2CB /* YYCache.h */,
				F7524CAE1CC52F7D0020F2CB /* YYCache.m */,
				F7524CAF1CC52F7D0020F2CB /* YYDiskCache.h */,
				F7524CB01CC52F7D0020F2CB /* YYDiskCache.m */,
				F7524CB11CC52F7D0020F2CB /* YYKVStorage.h */,
				F7524CB21CC52F7D0020F2CB /* YYKVStorage.m */,
				F7524CB31CC52F7D0020F2CB /* YYMemoryCache.h */,
				F7524CB41CC52F7D0020F2CB /* YYMemoryCache.m */,
			);
			path = YYCache;
			sourceTree = "<group>";
		};
/* End PBXGroup section */

/* Begin PBXNativeTarget section */
		F7524C911CC52F5F0020F2CB /* YYCacheDemo */ = {
			isa = PBXNativeTarget;
			buildConfigurationList = F7524CA91CC52F5F0020F2CB /* Build configuration list for PBXNativeTarget "YYCacheDemo" */;
			buildPhases = (
				F7524C8E1CC52F5F0020F2CB /* Sources */,
				F7524C8F1CC52F5F0020F2CB /* Frameworks */,
				F7524C901CC52F5F0020F2CB /* Resources */,
			);
			buildRules = (
			);
			dependencies = (
			);
			name = YYCacheDemo;
			productName = YYCacheDemo;
			productReference = F7524C921CC52F5F0020F2CB /* YYCacheDemo.app */;
			productType = "com.apple.product-type.application";
		};
/* End PBXNativeTarget section */

/* Begin PBXProject section */
		F7524C8A1CC52F5F0020F2CB /* Project object */ = {
			isa = PBXProject;
			attributes = {
				LastUpgradeCheck = 0720;
				ORGANIZATIONNAME = JingKeCompany;
				TargetAttributes = {
					F7524C911CC52F5F0020F2CB = {
						CreatedOnToolsVersion = 7.2;
					};
				};
			};
			buildConfigurationList = F7524C8D1CC52F5F0020F2CB /* Build configuration list for PBXProject "YYCacheDemo" */;
			compatibilityVersion = "Xcode 3.2";
			developmentRegion = English;
			hasScannedForEncodings = 0;
			knownRegions = (
				en,
				Base,
			);
			mainGroup = F7524C891CC52F5F0020F2CB;
			productRefGroup = F7524C931CC52F5F0020F2CB /* Products */;
			projectDirPath = "";
			projectRoot = "";
			targets = (
				F7524C911CC52F5F0020F2CB /* YYCacheDemo */,
			);
		};
/* End PBXProject section */

/* Begin PBXResourcesBuildPhase section */
		F7524C901CC52F5F0020F2CB /* Resources */ = {
			isa = PBXResourcesBuildPhase;
			buildActionMask = 2147483647;
			files = (
				F7524CA51CC52F5F0020F2CB /* LaunchScreen.storyboard in Resources */,
				F7524CA21CC52F5F0020F2CB /* Assets.xcassets in Resources */,
				F7524CA01CC52F5F0020F2CB /* Main.storyboard in Resources */,
			);
			runOnlyForDeploymentPostprocessing = 0;
		};
/* End PBXResourcesBuildPhase section */

/* Begin PBXSourcesBuildPhase section */
		F7524C8E1CC52F5F0020F2CB /* Sources */ = {
			isa = PBXSourcesBuildPhase;
			buildActionMask = 2147483647;
			files = (
				F7524CB71CC52F7D0020F2CB /* YYKVStorage.m in Sources */,
				F7524C9D1CC52F5F0020F2CB /* ViewController.m in Sources */,
				F7524C9A1CC52F5F0020F2CB /* AppDelegate.m in Sources */,
				F7524CB61CC52F7D0020F2CB /* YYDiskCache.m in Sources */,
				F7524CB51CC52F7D0020F2CB /* YYCache.m in Sources */,
				F7524CB81CC52F7D0020F2CB /* YYMemoryCache.m in Sources */,
				F7524C971CC52F5F0020F2CB /* main.m in Sources */,
			);
			runOnlyForDeploymentPostprocessing = 0;
		};
/* End PBXSourcesBuildPhase section */

/* Begin PBXVariantGroup section */
		F7524C9E1CC52F5F0020F2CB /* Main.storyboard */ = {
			isa = PBXVariantGroup;
			children = (
				F7524C9F1CC52F5F0020F2CB /* Base */,
			);
			name = Main.storyboard;
			sourceTree = "<group>";
		};
		F7524CA31CC52F5F0020F2CB /* LaunchScreen.storyboard */ = {
			isa = PBXVariantGroup;
			children = (
				F7524CA41CC52F5F0020F2CB /* Base */,
			);
			name = LaunchScreen.storyboard;
			sourceTree = "<group>";
		};
/* End PBXVariantGroup section */

/* Begin XCBuildConfiguration section */
		F7524CA71CC52F5F0020F2CB /* Debug */ = {
			isa = XCBuildConfiguration;
			buildSettings = {
				ALWAYS_SEARCH_USER_PATHS = NO;
				CLANG_CXX_LANGUAGE_STANDARD = "gnu++0x";
				CLANG_CXX_LIBRARY = "libc++";
				CLANG_ENABLE_MODULES = YES;
				CLANG_ENABLE_OBJC_ARC = YES;
				CLANG_WARN_BOOL_CONVERSION = YES;
				CLANG_WARN_CONSTANT_CONVERSION = YES;
				CLANG_WARN_DIRECT_OBJC_ISA_USAGE = YES_ERROR;
				CLANG_WARN_EMPTY_BODY = YES;
				CLANG_WARN_ENUM_CONVERSION = YES;
				CLANG_WARN_INT_CONVERSION = YES;
				CLANG_WARN_OBJC_ROOT_CLASS = YES_ERROR;
				CLANG_WARN_UNREACHABLE_CODE = YES;
				CLANG_WARN__DUPLICATE_METHOD_MATCH = YES;
				"CODE_SIGN_IDENTITY[sdk=iphoneos*]" = "iPhone Developer";
				COPY_PHASE_STRIP = NO;
				DEBUG_INFORMATION_FORMAT = dwarf;
				ENABLE_STRICT_OBJC_MSGSEND = YES;
				ENABLE_TESTABILITY = YES;
				GCC_C_LANGUAGE_STANDARD = gnu99;
				GCC_DYNAMIC_NO_PIC = NO;
				GCC_NO_COMMON_BLOCKS = YES;
				GCC_OPTIMIZATION_LEVEL = 0;
				GCC_PREPROCESSOR_DEFINITIONS = (
					"DEBUG=1",
					"$(inherited)",
				);
				GCC_WARN_64_TO_32_BIT_CONVERSION = YES;
				GCC_WARN_ABOUT_RETURN_TYPE = YES_ERROR;
				GCC_WARN_UNDECLARED_SELECTOR = YES;
				GCC_WARN_UNINITIALIZED_AUTOS = YES_AGGRESSIVE;
				GCC_WARN_UNUSED_FUNCTION = YES;
				GCC_WARN_UNUSED_VARIABLE = YES;
				IPHONEOS_DEPLOYMENT_TARGET = 9.2;
				MTL_ENABLE_DEBUG_INFO = YES;
				ONLY_ACTIVE_ARCH = YES;
				SDKROOT = iphoneos;
			};
			name = Debug;
		};
		F7524CA81CC52F5F0020F2CB /* Release */ = {
			isa = XCBuildConfiguration;
			buildSettings = {
				ALWAYS_SEARCH_USER_PATHS = NO;
				CLANG_CXX_LANGUAGE_STANDARD = "gnu++0x";
				CLANG_CXX_LIBRARY = "libc++";
				CLANG_ENABLE_MODULES = YES;
				CLANG_ENABLE_OBJC_ARC = YES;
				CLANG_WARN_BOOL_CONVERSION = YES;
				CLANG_WARN_CONSTANT_CONVERSION = YES;
				CLANG_WARN_DIRECT_OBJC_ISA_USAGE = YES_ERROR;
				CLANG_WARN_EMPTY_BODY = YES;
				CLANG_WARN_ENUM_CONVERSION = YES;
				CLANG_WARN_INT_CONVERSION = YES;
				CLANG_WARN_OBJC_ROOT_CLASS = YES_ERROR;
				CLANG_WARN_UNREACHABLE_CODE = YES;
				CLANG_WARN__DUPLICATE_METHOD_MATCH = YES;
				"CODE_SIGN_IDENTITY[sdk=iphoneos*]" = "iPhone Developer";
				COPY_PHASE_STRIP = NO;
				DEBUG_INFORMATION_FORMAT = "dwarf-with-dsym";
				ENABLE_NS_ASSERTIONS = NO;
				ENABLE_STRICT_OBJC_MSGSEND = YES;
				GCC_C_LANGUAGE_STANDARD = gnu99;
				GCC_NO_COMMON_BLOCKS = YES;
				GCC_WARN_64_TO_32_BIT_CONVERSION = YES;
				GCC_WARN_ABOUT_RETURN_TYPE = YES_ERROR;
				GCC_WARN_UNDECLARED_SELECTOR = YES;
				GCC_WARN_UNINITIALIZED_AUTOS = YES_AGGRESSIVE;
				GCC_WARN_UNUSED_FUNCTION = YES;
				GCC_WARN_UNUSED_VARIABLE = YES;
				IPHONEOS_DEPLOYMENT_TARGET = 9.2;
				MTL_ENABLE_DEBUG_INFO = NO;
				SDKROOT = iphoneos;
				VALIDATE_PRODUCT = YES;
			};
			name = Release;
		};
		F7524CAA1CC52F5F0020F2CB /* Debug */ = {
			isa = XCBuildConfiguration;
			buildSettings = {
				ASSETCATALOG_COMPILER_APPICON_NAME = AppIcon;
				INFOPLIST_FILE = YYCacheDemo/Info.plist;
				LD_RUNPATH_SEARCH_PATHS = "$(inherited) @executable_path/Frameworks";
				PRODUCT_BUNDLE_IDENTIFIER = long.m.YYCacheDemo;
				PRODUCT_NAME = "$(TARGET_NAME)";
			};
			name = Debug;
		};
		F7524CAB1CC52F5F0020F2CB /* Release */ = {
			isa = XCBuildConfiguration;
			buildSettings = {
				ASSETCATALOG_COMPILER_APPICON_NAME = AppIcon;
				INFOPLIST_FILE = YYCacheDemo/Info.plist;
				LD_RUNPATH_SEARCH_PATHS = "$(inherited) @executable_path/Frameworks";
				PRODUCT_BUNDLE_IDENTIFIER = long.m.YYCacheDemo;
				PRODUCT_NAME = "$(TARGET_NAME)";
			};
			name = Release;
		};
/* End XCBuildConfiguration section */

/* Begin XCConfigurationList section */
		F7524C8D1CC52F5F0020F2CB /* Build configuration list for PBXProject "YYCacheDemo" */ = {
			isa = XCConfigurationList;
			buildConfigurations = (
				F7524CA71CC52F5F0020F2CB /* Debug */,
				F7524CA81CC52F5F0020F2CB /* Release */,
			);
			defaultConfigurationIsVisible = 0;
			defaultConfigurationName = Release;
		};
		F7524CA91CC52F5F0020F2CB /* Build configuration list for PBXNativeTarget "YYCacheDemo" */ = {
			isa = XCConfigurationList;
			buildConfigurations = (
				F7524CAA1CC52F5F0020F2CB /* Debug */,
				F7524CAB1CC52F5F0020F2CB /* Release */,
			);
			defaultConfigurationIsVisible = 0;
		};
/* End XCConfigurationList section */
	};
	rootObject = F7524C8A1CC52F5F0020F2CB /* Project object */;
}
